
Microsoft Visual Studio Solution File, Format Version 12.00
# Visual Studio Version 16
VisualStudioVersion = 16.0.34031.81
MinimumVisualStudioVersion = 10.0.40219.1
Project("{FAE04EC0-301F-11D3-BF4B-00C04F79EFBC}") = "LeHoangHuan_C22TH2", "LeHoangHuan_C22TH2\LeHoangHuan_C22TH2.csproj", "{CC0A8EA9-FB51-4598-BE3E-BF75D3A16C0D}"
EndProject
Global
	GlobalSection(SolutionConfigurationPlatforms) = preSolution
		Debug|Any CPU = Debug|Any CPU
		Release|Any CPU = Release|Any CPU
	EndGlobalSection
	GlobalSection(ProjectConfigurationPlatforms) = postSolution
		{CC0A8EA9-FB51-4598-BE3E-BF75D3A16C0D}.Debug|Any CPU.ActiveCfg = Debug|Any CPU
		{CC0A8EA9-FB51-4598-BE3E-BF75D3A16C0D}.Debug|Any CPU.Build.0 = Debug|Any CPU
		{CC0A8EA9-FB51-4598-BE3E-BF75D3A16C0D}.Release|Any CPU.ActiveCfg = Release|Any CPU
		{CC0A8EA9-FB51-4598-BE3E-BF75D3A16C0D}.Release|Any CPU.Build.0 = Release|Any CPU
	EndGlobalSection
	GlobalSection(SolutionProperties) = preSolution
		HideSolutionNode = FALSE
	EndGlobalSection
	GlobalSection(ExtensibilityGlobals) = postSolution
		SolutionGuid = {B1AA1993-7274-4770-9B4E-DC2E51FA1DAC}
	EndGlobalSection
EndGlobal
